
Microsoft Visual Studio Solution File, Format Version 12.00
# Visual Studio Version 17
VisualStudioVersion = 17.11.35303.130
MinimumVisualStudioVersion = 10.0.40219.1
Project("{FAE04EC0-301F-11D3-BF4B-00C04F79EFBC}") = "WindowsFormsApp1", "WindowsFormsApp1\WindowsFormsApp1.csproj", "{C152E41A-5A6F-414E-A3C1-F35E57374394}"
EndProject
Global
	GlobalSection(SolutionConfigurationPlatforms) = preSolution
		Debug|Any CPU = Debug|Any CPU
		Release|Any CPU = Release|Any CPU
	EndGlobalSection
	GlobalSection(ProjectConfigurationPlatforms) = postSolution
		{C152E41A-5A6F-414E-A3C1-F35E57374394}.Debug|Any CPU.ActiveCfg = Debug|Any CPU
		{C152E41A-5A6F-414E-A3C1-F35E57374394}.Debug|Any CPU.Build.0 = Debug|Any CPU
		{C152E41A-5A6F-414E-A3C1-F35E57374394}.Release|Any CPU.ActiveCfg = Release|Any CPU
		{C152E41A-5A6F-414E-A3C1-F35E57374394}.Release|Any CPU.Build.0 = Release|Any CPU
	EndGlobalSection
	GlobalSection(SolutionProperties) = preSolution
		HideSolutionNode = FALSE
	EndGlobalSection
	GlobalSection(ExtensibilityGlobals) = postSolution
		SolutionGuid = {340925BC-0EE5-4EED-91F3-BC8BC981BF2A}
	EndGlobalSection
EndGlobal
